<?xml version="1.0" encoding="utf-8"?>
<Project ToolsVersion="4.0" xmlns="http://schemas.microsoft.com/developer/msbuild/2003">
  <ItemGroup>
    <Filter Include="Source Files">
      <UniqueIdentifier>{4FC737F1-C7A5-4376-A066-2A32D752A2FF}</UniqueIdentifier>
      <Extensions>cpp;c;cxx;def;odl;idl;hpj;bat;asm;asmx</Extensions>
    </Filter>
    <Filter Include="Header Files">
      <UniqueIdentifier>{93995380-89BD-4b04-88EB-625FBE52EBFB}</UniqueIdentifier>
      <Extensions>h;hpp;hxx;hm;inl;inc;xsd</Extensions>
    </Filter>
    <Filter Include="Resource Files">
      <UniqueIdentifier>{67DA6AB6-F800-4c08-8B7A-83BB121AAD01}</UniqueIdentifier>
      <Extensions>rc;ico;cur;bmp;dlg;rc2;rct;bin;rgs;gif;jpg;jpeg;jpe;resx</Extensions>
    </Filter>
  </ItemGroup>
  <ItemGroup>
    <ClCompile Include="..\STColor3f.cpp">
      <Filter>Source Files</Filter>
    </ClCompile>
    <ClCompile Include="..\STColor4f.cpp">
      <Filter>Source Files</Filter>
    </ClCompile>
    <ClCompile Include="..\STColor4ub.cpp">
      <Filter>Source Files</Filter>
    </ClCompile>
    <ClCompile Include="..\STFont.cpp">
      <Filter>Source Files</Filter>
    </ClCompile>
    <ClCompile Include="..\STImage.cpp">
      <Filter>Source Files</Filter>
    </ClCompile>
    <ClCompile Include="..\STImage_jpeg.cpp">
      <Filter>Source Files</Filter>
    </ClCompile>
    <ClCompile Include="..\STImage_png.cpp">
      <Filter>Source Files</Filter>
    </ClCompile>
    <ClCompile Include="..\STImage_ppm.cpp">
      <Filter>Source Files</Filter>
    </ClCompile>
    <ClCompile Include="..\STJoystick.cpp">
      <Filter>Source Files</Filter>
    </ClCompile>
    <ClCompile Include="..\STJoystick_win32.cpp">
      <Filter>Source Files</Filter>
    </ClCompile>
    <ClCompile Include="..\STPoint2.cpp">
      <Filter>Source Files</Filter>
    </ClCompile>
    <ClCompile Include="..\STPoint3.cpp">
      <Filter>Source Files</Filter>
    </ClCompile>
    <ClCompile Include="..\STShaderProgram.cpp">
      <Filter>Source Files</Filter>
    </ClCompile>
    <ClCompile Include="..\STShape.cpp">
      <Filter>Source Files</Filter>
    </ClCompile>
    <ClCompile Include="..\STTexture.cpp">
      <Filter>Source Files</Filter>
    </ClCompile>
    <ClCompile Include="..\STTimer.cpp">
      <Filter>Source Files</Filter>
    </ClCompile>
    <ClCompile Include="..\STVector2.cpp">
      <Filter>Source Files</Filter>
    </ClCompile>
    <ClCompile Include="..\STVector3.cpp">
      <Filter>Source Files</Filter>
    </ClCompile>
  </ItemGroup>
  <ItemGroup>
    <ClInclude Include="..\include\st.h">
      <Filter>Header Files</Filter>
    </ClInclude>
    <ClInclude Include="..\include\STColor3f.h">
      <Filter>Header Files</Filter>
    </ClInclude>
    <ClInclude Include="..\include\STColor4f.h">
      <Filter>Header Files</Filter>
    </ClInclude>
    <ClInclude Include="..\include\STColor4ub.h">
      <Filter>Header Files</Filter>
    </ClInclude>
    <ClInclude Include="..\include\STFont.h">
      <Filter>Header Files</Filter>
    </ClInclude>
    <ClInclude Include="..\include\stForward.h">
      <Filter>Header Files</Filter>
    </ClInclude>
    <ClInclude Include="..\include\stgl.h">
      <Filter>Header Files</Filter>
    </ClInclude>
    <ClInclude Include="..\include\stglut.h">
      <Filter>Header Files</Filter>
    </ClInclude>
    <ClInclude Include="..\include\STImage.h">
      <Filter>Header Files</Filter>
    </ClInclude>
    <ClInclude Include="..\include\STJoystick.h">
      <Filter>Header Files</Filter>
    </ClInclude>
    <ClInclude Include="..\include\STPoint2.h">
      <Filter>Header Files</Filter>
    </ClInclude>
    <ClInclude Include="..\include\STPoint3.h">
      <Filter>Header Files</Filter>
    </ClInclude>
    <ClInclude Include="..\include\STShaderProgram.h">
      <Filter>Header Files</Filter>
    </ClInclude>
    <ClInclude Include="..\include\STShape.h">
      <Filter>Header Files</Filter>
    </ClInclude>
    <ClInclude Include="..\include\STTexture.h">
      <Filter>Header Files</Filter>
    </ClInclude>
    <ClInclude Include="..\include\STTimer.h">
      <Filter>Header Files</Filter>
    </ClInclude>
    <ClInclude Include="..\include\STUtil.h">
      <Filter>Header Files</Filter>
    </ClInclude>
    <ClInclude Include="..\include\STVector2.h">
      <Filter>Header Files</Filter>
    </ClInclude>
    <ClInclude Include="..\include\STVector3.h">
      <Filter>Header Files</Filter>
    </ClInclude>
  </ItemGroup>
  <ItemGroup>
    <None Include="..\include\STPoint2.inl">
      <Filter>Header Files</Filter>
    </None>
    <None Include="..\include\STPoint3.inl">
      <Filter>Header Files</Filter>
    </None>
    <None Include="..\include\STVector2.inl">
      <Filter>Header Files</Filter>
    </None>
    <None Include="..\include\STVector3.inl">
      <Filter>Header Files</Filter>
    </None>
  </ItemGroup>
</Project>